
Microsoft Visual Studio Solution File, Format Version 12.00
# Visual Studio Version 17
VisualStudioVersion = 17.9.34518.117
MinimumVisualStudioVersion = 10.0.40219.1
Project("{FAE04EC0-301F-11D3-BF4B-00C04F79EFBC}") = "DinoAPI", "DinoAPI\DinoAPI.csproj", "{B9CB149F-65E6-4A9E-928C-37BDFD25BB27}"
EndProject
Global
	GlobalSection(SolutionConfigurationPlatforms) = preSolution
		Debug|Any CPU = Debug|Any CPU
		Release|Any CPU = Release|Any CPU
	EndGlobalSection
	GlobalSection(ProjectConfigurationPlatforms) = postSolution
		{B9CB149F-65E6-4A9E-928C-37BDFD25BB27}.Debug|Any CPU.ActiveCfg = Debug|Any CPU
		{B9CB149F-65E6-4A9E-928C-37BDFD25BB27}.Debug|Any CPU.Build.0 = Debug|Any CPU
		{B9CB149F-65E6-4A9E-928C-37BDFD25BB27}.Release|Any CPU.ActiveCfg = Release|Any CPU
		{B9CB149F-65E6-4A9E-928C-37BDFD25BB27}.Release|Any CPU.Build.0 = Release|Any CPU
	EndGlobalSection
	GlobalSection(SolutionProperties) = preSolution
		HideSolutionNode = FALSE
	EndGlobalSection
	GlobalSection(ExtensibilityGlobals) = postSolution
		SolutionGuid = {0BDE61B9-F6CE-4195-90C4-B5781EB5DF7E}
	EndGlobalSection
EndGlobal
